{
  "name": "with-typescript",
  "version": "1.0.0",
  "lockfileVersion": 1,
  "requires": true,
  "dependencies": {
    "@prisma/client": {
      "version": "2.20.1",
      "resolved": "https://registry.npmjs.org/@prisma/client/-/client-2.20.1.tgz",
      "integrity": "sha512-/IYPubBi55rNMHfE0wwglA6eTWEZD77oz+x+3Mm9ji2lDKdS1lnYKZ0wZX0E3AB8gTNL/zsGtfzmfjgn3ePyIw==",
      "requires": {
        "@prisma/engines-version": "2.20.0-26.60ba6551f29b17d7d6ce479e5733c70d9c00860e"
      }
    },
    "@prisma/engines": {
      "version": "2.20.0-26.60ba6551f29b17d7d6ce479e5733c70d9c00860e",
      "resolved": "https://registry.npmjs.org/@prisma/engines/-/engines-2.20.0-26.60ba6551f29b17d7d6ce479e5733c70d9c00860e.tgz",
      "integrity": "sha512-zOWETm7DTRvlwf/CekPNSeJe6EC5bn2IFexd74wM9zgBXCZo+1sMDuNGtCqIt4Rzv8CcimEgyzrEFVq0LPV8qg==",
      "dev": true
    },
    "@prisma/engines-version": {
      "version": "2.20.0-26.60ba6551f29b17d7d6ce479e5733c70d9c00860e",
      "resolved": "https://registry.npmjs.org/@prisma/engines-version/-/engines-version-2.20.0-26.60ba6551f29b17d7d6ce479e5733c70d9c00860e.tgz",
      "integrity": "sha512-fJhbGZXm2SPs/RsI79Ew4SFe+6QmChNdgU2I/SIjmU18bUgK8f1TBEWnVtFdBqEDHYPGxbpaianF7lp04KN7EA=="
    },
    "@types/node": {
      "version": "12.20.7",
      "resolved": "https://registry.npmjs.org/@types/node/-/node-12.20.7.tgz",
      "integrity": "sha512-gWL8VUkg8VRaCAUgG9WmhefMqHmMblxe2rVpMF86nZY/+ZysU+BkAp+3cz03AixWDSSz0ks5WX59yAhv/cDwFA==",
      "dev": true
    },
    "@types/prop-types": {
      "version": "15.7.3",
      "resolved": "https://registry.npmjs.org/@types/prop-types/-/prop-types-15.7.3.tgz",
      "integrity": "sha512-KfRL3PuHmqQLOG+2tGpRO26Ctg+Cq1E01D2DMriKEATHgWLfeNDmq9e29Q9WIky0dQ3NPkd1mzYH8Lm936Z9qw==",
      "dev": true
    },
    "@types/react": {
      "version": "17.0.3",
      "resolved": "https://registry.npmjs.org/@types/react/-/react-17.0.3.tgz",
      "integrity": "sha512-wYOUxIgs2HZZ0ACNiIayItyluADNbONl7kt8lkLjVK8IitMH5QMyAh75Fwhmo37r1m7L2JaFj03sIfxBVDvRAg==",
      "dev": true,
      "requires": {
        "@types/prop-types": "*",
        "@types/scheduler": "*",
        "csstype": "^3.0.2"
      }
    },
    "@types/react-dom": {
      "version": "17.0.3",
      "resolved": "https://registry.npmjs.org/@types/react-dom/-/react-dom-17.0.3.tgz",
      "integrity": "sha512-4NnJbCeWE+8YBzupn/YrJxZ8VnjcJq5iR1laqQ1vkpQgBiA7bwk0Rp24fxsdNinzJY2U+HHS4dJJDPdoMjdJ7w==",
      "dev": true,
      "requires": {
        "@types/react": "*"
      }
    },
    "@types/scheduler": {
      "version": "0.16.1",
      "resolved": "https://registry.npmjs.org/@types/scheduler/-/scheduler-0.16.1.tgz",
      "integrity": "sha512-EaCxbanVeyxDRTQBkdLb3Bvl/HK7PBK6UJjsSixB0iHKoWxE5uu2Q/DgtpOhPIojN0Zl1whvOd7PoHs2P0s5eA==",
      "dev": true
    },
    "csstype": {
      "version": "3.0.7",
      "resolved": "https://registry.npmjs.org/csstype/-/csstype-3.0.7.tgz",
      "integrity": "sha512-KxnUB0ZMlnUWCsx2Z8MUsr6qV6ja1w9ArPErJaJaF8a5SOWoHLIszeCTKGRGRgtLgYrs1E8CHkNSP1VZTTPc9g==",
      "dev": true
    },
    "js-tokens": {
      "version": "4.0.0",
      "resolved": "https://registry.npmjs.org/js-tokens/-/js-tokens-4.0.0.tgz",
      "integrity": "sha512-RdJUflcE3cUzKiMqQgsCu06FPu9UdIJO0beYbPhHN4k6apgJtifcoCtT9bcxOpYBtpD2kCM6Sbzg4CausW/PKQ=="
    },
    "loose-envify": {
      "version": "1.4.0",
      "resolved": "https://registry.npmjs.org/loose-envify/-/loose-envify-1.4.0.tgz",
      "integrity": "sha512-lyuxPGr/Wfhrlem2CL/UcnUc1zcqKAImBDzukY7Y5F/yQiNdko6+fRLevlw1HgMySw7f611UIY408EtxRSoK3Q==",
      "requires": {
        "js-tokens": "^3.0.0 || ^4.0.0"
      }
    },
    "object-assign": {
      "version": "4.1.1",
      "resolved": "https://registry.npmjs.org/object-assign/-/object-assign-4.1.1.tgz",
      "integrity": "sha1-IQmtx5ZYh8/AXLvUQsrIv7s2CGM="
    },
    "prisma": {
      "version": "2.20.1",
      "resolved": "https://registry.npmjs.org/prisma/-/prisma-2.20.1.tgz",
      "integrity": "sha512-zyPvJSUfJrmciP2D/4aUrsyIefiH8AIJUeuq1a0X1df1AFw9QQ+ata/7VQdoP+RIQHnCb6Kln9kqfUw/fieljw==",
      "dev": true,
      "requires": {
        "@prisma/engines": "2.20.0-26.60ba6551f29b17d7d6ce479e5733c70d9c00860e"
      }
    },
    "react": {
      "version": "17.0.2",
      "resolved": "https://registry.npmjs.org/react/-/react-17.0.2.tgz",
      "integrity": "sha512-gnhPt75i/dq/z3/6q/0asP78D0u592D5L1pd7M8P+dck6Fu/jJeL6iVVK23fptSUZj8Vjf++7wXA8UNclGQcbA==",
      "requires": {
        "loose-envify": "^1.1.0",
        "object-assign": "^4.1.1"
      }
    },
    "react-dom": {
      "version": "17.0.2",
      "resolved": "https://registry.npmjs.org/react-dom/-/react-dom-17.0.2.tgz",
      "integrity": "sha512-s4h96KtLDUQlsENhMn1ar8t2bEa+q/YAtj8pPPdIjPDGBDIVNsrD9aXNWqspUe6AzKCIG0C1HZZLqLV7qpOBGA==",
      "requires": {
        "loose-envify": "^1.1.0",
        "object-assign": "^4.1.1",
        "scheduler": "^0.20.2"
      }
    },
    "react-hook-form": {
      "version": "7.0.4",
      "resolved": "https://registry.npmjs.org/react-hook-form/-/react-hook-form-7.0.4.tgz",
      "integrity": "sha512-4LN1bagvQPWdn17gXDo917GZLSCNtKR5Wd4D05VMnCdGkJp31mYWN7RlhQUg6tSBbIB8KqPfkmYbxET4SgAkqQ=="
    },
    "scheduler": {
      "version": "0.20.2",
      "resolved": "https://registry.npmjs.org/scheduler/-/scheduler-0.20.2.tgz",
      "integrity": "sha512-2eWfGgAqqWFGqtdMmcL5zCMK1U8KlXv8SQFGglL3CEtd0aDVDWgeF/YoCmvln55m5zSk3J/20hTaSBeSObsQDQ==",
      "requires": {
        "loose-envify": "^1.1.0",
        "object-assign": "^4.1.1"
      }
    },
    "typescript": {
      "version": "4.0.7",
      "resolved": "https://registry.npmjs.org/typescript/-/typescript-4.0.7.tgz",
      "integrity": "sha512-yi7M4y74SWvYbnazbn8/bmJmX4Zlej39ZOqwG/8dut/MYoSQ119GY9ZFbbGsD4PFZYWxqik/XsP3vk3+W5H3og==",
      "dev": true
    }
  }
}
